github.com/bits-and-blooms/bitset v1.14.3 h1:Gd2c8lSNf9pKXom5JtD7AaKO8o7fGQ2LtFj1436qilA=
github.com/bits-and-blooms/bitset v1.14.3/go.mod h1:7hO7Gc7Pp1vODcmWvKMRA9BNmbv6a/7QIWpPxHddWR8=
github.com/bits-and-blooms/bloom v2.0.3+incompatible h1:3ONZFjJoMyfHDil5iCcNkcPJ//PNNo+55RHvPrfUGnY=
github.com/bits-and-blooms/bloom v2.0.3+incompatible/go.mod h1:nEmPH2pqJb3sCXfd7cyDSKC4iPfCAt312JHgNrtnnDE=
github.com/spaolacci/murmur3 v1.1.0 h1:7c1g84S4BPRrfL5Xrdp6fOJ206sU9y293DDHaoy0bLI=
github.com/spaolacci/murmur3 v1.1.0/go.mod h1:JwIasOWyU6f++ZhiEuf87xNszmSA2myDM2Kzu9HwQUA=
